// !$*UTF8*$!
{
	archiveVersion = 1;
	classes = {
	};
	objectVersion = 46;
	objects = {

/* Begin PBXBuildFile section */
		FB7FC1641DD06D44003907AC /* main.m in Sources */ = {isa = PBXBuildFile; fileRef = FB7FC1631DD06D44003907AC /* main.m */; };
		FB7FC1671DD06D44003907AC /* AppDelegate.m in Sources */ = {isa = PBXBuildFile; fileRef = FB7FC1661DD06D44003907AC /* AppDelegate.m */; };
		FB7FC16A1DD06D44003907AC /* ViewController.m in Sources */ = {isa = PBXBuildFile; fileRef = FB7FC1691DD06D44003907AC /* ViewController.m */; };
		FB7FC16D1DD06D44003907AC /* Main.storyboard in Resources */ = {isa = PBXBuildFile; fileRef = FB7FC16B1DD06D44003907AC /* Main.storyboard */; };
		FB7FC16F1DD06D44003907AC /* Assets.xcassets in Resources */ = {isa = PBXBuildFile; fileRef = FB7FC16E1DD06D44003907AC /* Assets.xcassets */; };
		FB7FC1721DD06D44003907AC /* LaunchScreen.storyboard in Resources */ = {isa = PBXBuildFile; fileRef = FB7FC1701DD06D44003907AC /* LaunchScreen.storyboard */; };
		FB7FC17D1DD06D44003907AC /* _4_Ficheros_LecturaTests.m in Sources */ = {isa = PBXBuildFile; fileRef = FB7FC17C1DD06D44003907AC /* _4_Ficheros_LecturaTests.m */; };
		FB7FC1881DD06D44003907AC /* _4_Ficheros_LecturaUITests.m in Sources */ = {isa = PBXBuildFile; fileRef = FB7FC1871DD06D44003907AC /* _4_Ficheros_LecturaUITests.m */; };
		FB7FC1961DD06E6C003907AC /* DatosPersonales.plist in Resources */ = {isa = PBXBuildFile; fileRef = FB7FC1951DD06E6C003907AC /* DatosPersonales.plist */; };
/* End PBXBuildFile section */

/* Begin PBXContainerItemProxy section */
		FB7FC1791DD06D44003907AC /* PBXContainerItemProxy */ = {
			isa = PBXContainerItemProxy;
			containerPortal = FB7FC1571DD06D44003907AC /* Project object */;
			proxyType = 1;
			remoteGlobalIDString = FB7FC15E1DD06D44003907AC;
			remoteInfo = 04_Ficheros_Lectura;
		};
		FB7FC1841DD06D44003907AC /* PBXContainerItemProxy */ = {
			isa = PBXContainerItemProxy;
			containerPortal = FB7FC1571DD06D44003907AC /* Project object */;
			proxyType = 1;
			remoteGlobalIDString = FB7FC15E1DD06D44003907AC;
			remoteInfo = 04_Ficheros_Lectura;
		};
/* End PBXContainerItemProxy section */

/* Begin PBXFileReference section */
		FB7FC15F1DD06D44003907AC /* 04_Ficheros_Lectura.app */ = {isa = PBXFileReference; explicitFileType = wrapper.application; includeInIndex = 0; path = 04_Ficheros_Lectura.app; sourceTree = BUILT_PRODUCTS_DIR; };
		FB7FC1631DD06D44003907AC /* main.m */ = {isa = PBXFileReference; lastKnownFileType = sourcecode.c.objc; path = main.m; sourceTree = "<group>"; };
		FB7FC1651DD06D44003907AC /* AppDelegate.h */ = {isa = PBXFileReference; lastKnownFileType = sourcecode.c.h; path = AppDelegate.h; sourceTree = "<group>"; };
		FB7FC1661DD06D44003907AC /* AppDelegate.m */ = {isa = PBXFileReference; lastKnownFileType = sourcecode.c.objc; path = AppDelegate.m; sourceTree = "<group>"; };
		FB7FC1681DD06D44003907AC /* ViewController.h */ = {isa = PBXFileReference; lastKnownFileType = sourcecode.c.h; path = ViewController.h; sourceTree = "<group>"; };
		FB7FC1691DD06D44003907AC /* ViewController.m */ = {isa = PBXFileReference; lastKnownFileType = sourcecode.c.objc; path = ViewController.m; sourceTree = "<group>"; };
		FB7FC16C1DD06D44003907AC /* Base */ = {isa = PBXFileReference; lastKnownFileType = file.storyboard; name = Base; path = Base.lproj/Main.storyboard; sourceTree = "<group>"; };
		FB7FC16E1DD06D44003907AC /* Assets.xcassets */ = {isa = PBXFileReference; lastKnownFileType = folder.assetcatalog; path = Assets.xcassets; sourceTree = "<group>"; };
		FB7FC1711DD06D44003907AC /* Base */ = {isa = PBXFileReference; lastKnownFileType = file.storyboard; name = Base; path = Base.lproj/LaunchScreen.storyboard; sourceTree = "<group>"; };
		FB7FC1731DD06D44003907AC /* Info.plist */ = {isa = PBXFileReference; lastKnownFileType = text.plist.xml; path = Info.plist; sourceTree = "<group>"; };
		FB7FC1781DD06D44003907AC /* 04_Ficheros_LecturaTests.xctest */ = {isa = PBXFileReference; explicitFileType = wrapper.cfbundle; includeInIndex = 0; path = 04_Ficheros_LecturaTests.xctest; sourceTree = BUILT_PRODUCTS_DIR; };
		FB7FC17C1DD06D44003907AC /* _4_Ficheros_LecturaTests.m */ = {isa = PBXFileReference; lastKnownFileType = sourcecode.c.objc; path = _4_Ficheros_LecturaTests.m; sourceTree = "<group>"; };
		FB7FC17E1DD06D44003907AC /* Info.plist */ = {isa = PBXFileReference; lastKnownFileType = text.plist.xml; path = Info.plist; sourceTree = "<group>"; };
		FB7FC1831DD06D44003907AC /* 04_Ficheros_LecturaUITests.xctest */ = {isa = PBXFileReference; explicitFileType = wrapper.cfbundle; includeInIndex = 0; path = 04_Ficheros_LecturaUITests.xctest; sourceTree = BUILT_PRODUCTS_DIR; };
		FB7FC1871DD06D44003907AC /* _4_Ficheros_LecturaUITests.m */ = {isa = PBXFileReference; lastKnownFileType = sourcecode.c.objc; path = _4_Ficheros_LecturaUITests.m; sourceTree = "<group>"; };
		FB7FC1891DD06D44003907AC /* Info.plist */ = {isa = PBXFileReference; lastKnownFileType = text.plist.xml; path = Info.plist; sourceTree = "<group>"; };
		FB7FC1951DD06E6C003907AC /* DatosPersonales.plist */ = {isa = PBXFileReference; fileEncoding = 4; lastKnownFileType = text.plist.xml; path = DatosPersonales.plist; sourceTree = "<group>"; };
/* End PBXFileReference section */

/* Begin PBXFrameworksBuildPhase section */
		FB7FC15C1DD06D44003907AC /* Frameworks */ = {
			isa = PBXFrameworksBuildPhase;
			buildActionMask = 2147483647;
			files = (
			);
			runOnlyForDeploymentPostprocessing = 0;
		};
		FB7FC1751DD06D44003907AC /* Frameworks */ = {
			isa = PBXFrameworksBuildPhase;
			buildActionMask = 2147483647;
			files = (
			);
			runOnlyForDeploymentPostprocessing = 0;
		};
		FB7FC1801DD06D44003907AC /* Frameworks */ = {
			isa = PBXFrameworksBuildPhase;
			buildActionMask = 2147483647;
			files = (
			);
			runOnlyForDeploymentPostprocessing = 0;
		};
/* End PBXFrameworksBuildPhase section */

/* Begin PBXGroup section */
		FB7FC1561DD06D44003907AC = {
			isa = PBXGroup;
			children = (
				FB7FC1951DD06E6C003907AC /* DatosPersonales.plist */,
				FB7FC1611DD06D44003907AC /* 04_Ficheros_Lectura */,
				FB7FC17B1DD06D44003907AC /* 04_Ficheros_LecturaTests */,
				FB7FC1861DD06D44003907AC /* 04_Ficheros_LecturaUITests */,
				FB7FC1601DD06D44003907AC /* Products */,
			);
			sourceTree = "<group>";
		};
		FB7FC1601DD06D44003907AC /* Products */ = {
			isa = PBXGroup;
			children = (
				FB7FC15F1DD06D44003907AC /* 04_Ficheros_Lectura.app */,
				FB7FC1781DD06D44003907AC /* 04_Ficheros_LecturaTests.xctest */,
				FB7FC1831DD06D44003907AC /* 04_Ficheros_LecturaUITests.xctest */,
			);
			name = Products;
			sourceTree = "<group>";
		};
		FB7FC1611DD06D44003907AC /* 04_Ficheros_Lectura */ = {
			isa = PBXGroup;
			children = (
				FB7FC1651DD06D44003907AC /* AppDelegate.h */,
				FB7FC1661DD06D44003907AC /* AppDelegate.m */,
				FB7FC1681DD06D44003907AC /* ViewController.h */,
				FB7FC1691DD06D44003907AC /* ViewController.m */,
				FB7FC16B1DD06D44003907AC /* Main.storyboard */,
				FB7FC16E1DD06D44003907AC /* Assets.xcassets */,
				FB7FC1701DD06D44003907AC /* LaunchScreen.storyboard */,
				FB7FC1731DD06D44003907AC /* Info.plist */,
				FB7FC1621DD06D44003907AC /* Supporting Files */,
			);
			path = 04_Ficheros_Lectura;
			sourceTree = "<group>";
		};
		FB7FC1621DD06D44003907AC /* Supporting Files */ = {
			isa = PBXGroup;
			children = (
				FB7FC1631DD06D44003907AC /* main.m */,
			);
			name = "Supporting Files";
			sourceTree = "<group>";
		};
		FB7FC17B1DD06D44003907AC /* 04_Ficheros_LecturaTests */ = {
			isa = PBXGroup;
			children = (
				FB7FC17C1DD06D44003907AC /* _4_Ficheros_LecturaTests.m */,
				FB7FC17E1DD06D44003907AC /* Info.plist */,
			);
			path = 04_Ficheros_LecturaTests;
			sourceTree = "<group>";
		};
		FB7FC1861DD06D44003907AC /* 04_Ficheros_LecturaUITests */ = {
			isa = PBXGroup;
			children = (
				FB7FC1871DD06D44003907AC /* _4_Ficheros_LecturaUITests.m */,
				FB7FC1891DD06D44003907AC /* Info.plist */,
			);
			path = 04_Ficheros_LecturaUITests;
			sourceTree = "<group>";
		};
/* End PBXGroup section */

/* Begin PBXNativeTarget section */
		FB7FC15E1DD06D44003907AC /* 04_Ficheros_Lectura */ = {
			isa = PBXNativeTarget;
			buildConfigurationList = FB7FC18C1DD06D44003907AC /* Build configuration list for PBXNativeTarget "04_Ficheros_Lectura" */;
			buildPhases = (
				FB7FC15B1DD06D44003907AC /* Sources */,
				FB7FC15C1DD06D44003907AC /* Frameworks */,
				FB7FC15D1DD06D44003907AC /* Resources */,
			);
			buildRules = (
			);
			dependencies = (
			);
			name = 04_Ficheros_Lectura;
			productName = 04_Ficheros_Lectura;
			productReference = FB7FC15F1DD06D44003907AC /* 04_Ficheros_Lectura.app */;
			productType = "com.apple.product-type.application";
		};
		FB7FC1771DD06D44003907AC /* 04_Ficheros_LecturaTests */ = {
			isa = PBXNativeTarget;
			buildConfigurationList = FB7FC18F1DD06D44003907AC /* Build configuration list for PBXNativeTarget "04_Ficheros_LecturaTests" */;
			buildPhases = (
				FB7FC1741DD06D44003907AC /* Sources */,
				FB7FC1751DD06D44003907AC /* Frameworks */,
				FB7FC1761DD06D44003907AC /* Resources */,
			);
			buildRules = (
			);
			dependencies = (
				FB7FC17A1DD06D44003907AC /* PBXTargetDependency */,
			);
			name = 04_Ficheros_LecturaTests;
			productName = 04_Ficheros_LecturaTests;
			productReference = FB7FC1781DD06D44003907AC /* 04_Ficheros_LecturaTests.xctest */;
			productType = "com.apple.product-type.bundle.unit-test";
		};
		FB7FC1821DD06D44003907AC /* 04_Ficheros_LecturaUITests */ = {
			isa = PBXNativeTarget;
			buildConfigurationList = FB7FC1921DD06D44003907AC /* Build configuration list for PBXNativeTarget "04_Ficheros_LecturaUITests" */;
			buildPhases = (
				FB7FC17F1DD06D44003907AC /* Sources */,
				FB7FC1801DD06D44003907AC /* Frameworks */,
				FB7FC1811DD06D44003907AC /* Resources */,
			);
			buildRules = (
			);
			dependencies = (
				FB7FC1851DD06D44003907AC /* PBXTargetDependency */,
			);
			name = 04_Ficheros_LecturaUITests;
			productName = 04_Ficheros_LecturaUITests;
			productReference = FB7FC1831DD06D44003907AC /* 04_Ficheros_LecturaUITests.xctest */;
			productType = "com.apple.product-type.bundle.ui-testing";
		};
/* End PBXNativeTarget section */

/* Begin PBXProject section */
		FB7FC1571DD06D44003907AC /* Project object */ = {
			isa = PBXProject;
			attributes = {
				LastUpgradeCheck = 0730;
				ORGANIZATIONNAME = Alumno;
				TargetAttributes = {
					FB7FC15E1DD06D44003907AC = {
						CreatedOnToolsVersion = 7.3;
					};
					FB7FC1771DD06D44003907AC = {
						CreatedOnToolsVersion = 7.3;
						TestTargetID = FB7FC15E1DD06D44003907AC;
					};
					FB7FC1821DD06D44003907AC = {
						CreatedOnToolsVersion = 7.3;
						TestTargetID = FB7FC15E1DD06D44003907AC;
					};
				};
			};
			buildConfigurationList = FB7FC15A1DD06D44003907AC /* Build configuration list for PBXProject "04_Ficheros_Lectura" */;
			compatibilityVersion = "Xcode 3.2";
			developmentRegion = English;
			hasScannedForEncodings = 0;
			knownRegions = (
				en,
				Base,
			);
			mainGroup = FB7FC1561DD06D44003907AC;
			productRefGroup = FB7FC1601DD06D44003907AC /* Products */;
			projectDirPath = "";
			projectRoot = "";
			targets = (
				FB7FC15E1DD06D44003907AC /* 04_Ficheros_Lectura */,
				FB7FC1771DD06D44003907AC /* 04_Ficheros_LecturaTests */,
				FB7FC1821DD06D44003907AC /* 04_Ficheros_LecturaUITests */,
			);
		};
/* End PBXProject section */

/* Begin PBXResourcesBuildPhase section */
		FB7FC15D1DD06D44003907AC /* Resources */ = {
			isa = PBXResourcesBuildPhase;
			buildActionMask = 2147483647;
			files = (
				FB7FC1721DD06D44003907AC /* LaunchScreen.storyboard in Resources */,
				FB7FC16F1DD06D44003907AC /* Assets.xcassets in Resources */,
				FB7FC1961DD06E6C003907AC /* DatosPersonales.plist in Resources */,
				FB7FC16D1DD06D44003907AC /* Main.storyboard in Resources */,
			);
			runOnlyForDeploymentPostprocessing = 0;
		};
		FB7FC1761DD06D44003907AC /* Resources */ = {
			isa = PBXResourcesBuildPhase;
			buildActionMask = 2147483647;
			files = (
			);
			runOnlyForDeploymentPostprocessing = 0;
		};
		FB7FC1811DD06D44003907AC /* Resources */ = {
			isa = PBXResourcesBuildPhase;
			buildActionMask = 2147483647;
			files = (
			);
			runOnlyForDeploymentPostprocessing = 0;
		};
/* End PBXResourcesBuildPhase section */

/* Begin PBXSourcesBuildPhase section */
		FB7FC15B1DD06D44003907AC /* Sources */ = {
			isa = PBXSourcesBuildPhase;
			buildActionMask = 2147483647;
			files = (
				FB7FC16A1DD06D44003907AC /* ViewController.m in Sources */,
				FB7FC1671DD06D44003907AC /* AppDelegate.m in Sources */,
				FB7FC1641DD06D44003907AC /* main.m in Sources */,
			);
			runOnlyForDeploymentPostprocessing = 0;
		};
		FB7FC1741DD06D44003907AC /* Sources */ = {
			isa = PBXSourcesBuildPhase;
			buildActionMask = 2147483647;
			files = (
				FB7FC17D1DD06D44003907AC /* _4_Ficheros_LecturaTests.m in Sources */,
			);
			runOnlyForDeploymentPostprocessing = 0;
		};
		FB7FC17F1DD06D44003907AC /* Sources */ = {
			isa = PBXSourcesBuildPhase;
			buildActionMask = 2147483647;
			files = (
				FB7FC1881DD06D44003907AC /* _4_Ficheros_LecturaUITests.m in Sources */,
			);
			runOnlyForDeploymentPostprocessing = 0;
		};
/* End PBXSourcesBuildPhase section */

/* Begin PBXTargetDependency section */
		FB7FC17A1DD06D44003907AC /* PBXTargetDependency */ = {
			isa = PBXTargetDependency;
			target = FB7FC15E1DD06D44003907AC /* 04_Ficheros_Lectura */;
			targetProxy = FB7FC1791DD06D44003907AC /* PBXContainerItemProxy */;
		};
		FB7FC1851DD06D44003907AC /* PBXTargetDependency */ = {
			isa = PBXTargetDependency;
			target = FB7FC15E1DD06D44003907AC /* 04_Ficheros_Lectura */;
			targetProxy = FB7FC1841DD06D44003907AC /* PBXContainerItemProxy */;
		};
/* End PBXTargetDependency section */

/* Begin PBXVariantGroup section */
		FB7FC16B1DD06D44003907AC /* Main.storyboard */ = {
			isa = PBXVariantGroup;
			children = (
				FB7FC16C1DD06D44003907AC /* Base */,
			);
			name = Main.storyboard;
			sourceTree = "<group>";
		};
		FB7FC1701DD06D44003907AC /* LaunchScreen.storyboard */ = {
			isa = PBXVariantGroup;
			children = (
				FB7FC1711DD06D44003907AC /* Base */,
			);
			name = LaunchScreen.storyboard;
			sourceTree = "<group>";
		};
/* End PBXVariantGroup section */

/* Begin XCBuildConfiguration section */
		FB7FC18A1DD06D44003907AC /* Debug */ = {
			isa = XCBuildConfiguration;
			buildSettings = {
				ALWAYS_SEARCH_USER_PATHS = NO;
				CLANG_ANALYZER_NONNULL = YES;
				CLANG_CXX_LANGUAGE_STANDARD = "gnu++0x";
				CLANG_CXX_LIBRARY = "libc++";
				CLANG_ENABLE_MODULES = YES;
				CLANG_ENABLE_OBJC_ARC = YES;
				CLANG_WARN_BOOL_CONVERSION = YES;
				CLANG_WARN_CONSTANT_CONVERSION = YES;
				CLANG_WARN_DIRECT_OBJC_ISA_USAGE = YES_ERROR;
				CLANG_WARN_EMPTY_BODY = YES;
				CLANG_WARN_ENUM_CONVERSION = YES;
				CLANG_WARN_INT_CONVERSION = YES;
				CLANG_WARN_OBJC_ROOT_CLASS = YES_ERROR;
				CLANG_WARN_UNREACHABLE_CODE = YES;
				CLANG_WARN__DUPLICATE_METHOD_MATCH = YES;
				"CODE_SIGN_IDENTITY[sdk=iphoneos*]" = "iPhone Developer";
				COPY_PHASE_STRIP = NO;
				DEBUG_INFORMATION_FORMAT = dwarf;
				ENABLE_STRICT_OBJC_MSGSEND = YES;
				ENABLE_TESTABILITY = YES;
				GCC_C_LANGUAGE_STANDARD = gnu99;
				GCC_DYNAMIC_NO_PIC = NO;
				GCC_NO_COMMON_BLOCKS = YES;
				GCC_OPTIMIZATION_LEVEL = 0;
				GCC_PREPROCESSOR_DEFINITIONS = (
					"DEBUG=1",
					"$(inherited)",
				);
				GCC_WARN_64_TO_32_BIT_CONVERSION = YES;
				GCC_WARN_ABOUT_RETURN_TYPE = YES_ERROR;
				GCC_WARN_UNDECLARED_SELECTOR = YES;
				GCC_WARN_UNINITIALIZED_AUTOS = YES_AGGRESSIVE;
				GCC_WARN_UNUSED_FUNCTION = YES;
				GCC_WARN_UNUSED_VARIABLE = YES;
				IPHONEOS_DEPLOYMENT_TARGET = 9.3;
				MTL_ENABLE_DEBUG_INFO = YES;
				ONLY_ACTIVE_ARCH = YES;
				SDKROOT = iphoneos;
				TARGETED_DEVICE_FAMILY = "1,2";
			};
			name = Debug;
		};
		FB7FC18B1DD06D44003907AC /* Release */ = {
			isa = XCBuildConfiguration;
			buildSettings = {
				ALWAYS_SEARCH_USER_PATHS = NO;
				CLANG_ANALYZER_NONNULL = YES;
				CLANG_CXX_LANGUAGE_STANDARD = "gnu++0x";
				CLANG_CXX_LIBRARY = "libc++";
				CLANG_ENABLE_MODULES = YES;
				CLANG_ENABLE_OBJC_ARC = YES;
				CLANG_WARN_BOOL_CONVERSION = YES;
				CLANG_WARN_CONSTANT_CONVERSION = YES;
				CLANG_WARN_DIRECT_OBJC_ISA_USAGE = YES_ERROR;
				CLANG_WARN_EMPTY_BODY = YES;
				CLANG_WARN_ENUM_CONVERSION = YES;
				CLANG_WARN_INT_CONVERSION = YES;
				CLANG_WARN_OBJC_ROOT_CLASS = YES_ERROR;
				CLANG_WARN_UNREACHABLE_CODE = YES;
				CLANG_WARN__DUPLICATE_METHOD_MATCH = YES;
				"CODE_SIGN_IDENTITY[sdk=iphoneos*]" = "iPhone Developer";
				COPY_PHASE_STRIP = NO;
				DEBUG_INFORMATION_FORMAT = "dwarf-with-dsym";
				ENABLE_NS_ASSERTIONS = NO;
				ENABLE_STRICT_OBJC_MSGSEND = YES;
				GCC_C_LANGUAGE_STANDARD = gnu99;
				GCC_NO_COMMON_BLOCKS = YES;
				GCC_WARN_64_TO_32_BIT_CONVERSION = YES;
				GCC_WARN_ABOUT_RETURN_TYPE = YES_ERROR;
				GCC_WARN_UNDECLARED_SELECTOR = YES;
				GCC_WARN_UNINITIALIZED_AUTOS = YES_AGGRESSIVE;
				GCC_WARN_UNUSED_FUNCTION = YES;
				GCC_WARN_UNUSED_VARIABLE = YES;
				IPHONEOS_DEPLOYMENT_TARGET = 9.3;
				MTL_ENABLE_DEBUG_INFO = NO;
				SDKROOT = iphoneos;
				TARGETED_DEVICE_FAMILY = "1,2";
				VALIDATE_PRODUCT = YES;
			};
			name = Release;
		};
		FB7FC18D1DD06D44003907AC /* Debug */ = {
			isa = XCBuildConfiguration;
			buildSettings = {
				ASSETCATALOG_COMPILER_APPICON_NAME = AppIcon;
				INFOPLIST_FILE = 04_Ficheros_Lectura/Info.plist;
				LD_RUNPATH_SEARCH_PATHS = "$(inherited) @executable_path/Frameworks";
				PRODUCT_BUNDLE_IDENTIFIER = "test.-4-Ficheros-Lectura";
				PRODUCT_NAME = "$(TARGET_NAME)";
			};
			name = Debug;
		};
		FB7FC18E1DD06D44003907AC /* Release */ = {
			isa = XCBuildConfiguration;
			buildSettings = {
				ASSETCATALOG_COMPILER_APPICON_NAME = AppIcon;
				INFOPLIST_FILE = 04_Ficheros_Lectura/Info.plist;
				LD_RUNPATH_SEARCH_PATHS = "$(inherited) @executable_path/Frameworks";
				PRODUCT_BUNDLE_IDENTIFIER = "test.-4-Ficheros-Lectura";
				PRODUCT_NAME = "$(TARGET_NAME)";
			};
			name = Release;
		};
		FB7FC1901DD06D44003907AC /* Debug */ = {
			isa = XCBuildConfiguration;
			buildSettings = {
				BUNDLE_LOADER = "$(TEST_HOST)";
				INFOPLIST_FILE = 04_Ficheros_LecturaTests/Info.plist;
				LD_RUNPATH_SEARCH_PATHS = "$(inherited) @executable_path/Frameworks @loader_path/Frameworks";
				PRODUCT_BUNDLE_IDENTIFIER = "test.-4-Ficheros-LecturaTests";
				PRODUCT_NAME = "$(TARGET_NAME)";
				TEST_HOST = "$(BUILT_PRODUCTS_DIR)/04_Ficheros_Lectura.app/04_Ficheros_Lectura";
			};
			name = Debug;
		};
		FB7FC1911DD06D44003907AC /* Release */ = {
			isa = XCBuildConfiguration;
			buildSettings = {
				BUNDLE_LOADER = "$(TEST_HOST)";
				INFOPLIST_FILE = 04_Ficheros_LecturaTests/Info.plist;
				LD_RUNPATH_SEARCH_PATHS = "$(inherited) @executable_path/Frameworks @loader_path/Frameworks";
				PRODUCT_BUNDLE_IDENTIFIER = "test.-4-Ficheros-LecturaTests";
				PRODUCT_NAME = "$(TARGET_NAME)";
				TEST_HOST = "$(BUILT_PRODUCTS_DIR)/04_Ficheros_Lectura.app/04_Ficheros_Lectura";
			};
			name = Release;
		};
		FB7FC1931DD06D44003907AC /* Debug */ = {
			isa = XCBuildConfiguration;
			buildSettings = {
				INFOPLIST_FILE = 04_Ficheros_LecturaUITests/Info.plist;
				LD_RUNPATH_SEARCH_PATHS = "$(inherited) @executable_path/Frameworks @loader_path/Frameworks";
				PRODUCT_BUNDLE_IDENTIFIER = "test.-4-Ficheros-LecturaUITests";
				PRODUCT_NAME = "$(TARGET_NAME)";
				TEST_TARGET_NAME = 04_Ficheros_Lectura;
			};
			name = Debug;
		};
		FB7FC1941DD06D44003907AC /* Release */ = {
			isa = XCBuildConfiguration;
			buildSettings = {
				INFOPLIST_FILE = 04_Ficheros_LecturaUITests/Info.plist;
				LD_RUNPATH_SEARCH_PATHS = "$(inherited) @executable_path/Frameworks @loader_path/Frameworks";
				PRODUCT_BUNDLE_IDENTIFIER = "test.-4-Ficheros-LecturaUITests";
				PRODUCT_NAME = "$(TARGET_NAME)";
				TEST_TARGET_NAME = 04_Ficheros_Lectura;
			};
			name = Release;
		};
/* End XCBuildConfiguration section */

/* Begin XCConfigurationList section */
		FB7FC15A1DD06D44003907AC /* Build configuration list for PBXProject "04_Ficheros_Lectura" */ = {
			isa = XCConfigurationList;
			buildConfigurations = (
				FB7FC18A1DD06D44003907AC /* Debug */,
				FB7FC18B1DD06D44003907AC /* Release */,
			);
			defaultConfigurationIsVisible = 0;
			defaultConfigurationName = Release;
		};
		FB7FC18C1DD06D44003907AC /* Build configuration list for PBXNativeTarget "04_Ficheros_Lectura" */ = {
			isa = XCConfigurationList;
			buildConfigurations = (
				FB7FC18D1DD06D44003907AC /* Debug */,
				FB7FC18E1DD06D44003907AC /* Release */,
			);
			defaultConfigurationIsVisible = 0;
		};
		FB7FC18F1DD06D44003907AC /* Build configuration list for PBXNativeTarget "04_Ficheros_LecturaTests" */ = {
			isa = XCConfigurationList;
			buildConfigurations = (
				FB7FC1901DD06D44003907AC /* Debug */,
				FB7FC1911DD06D44003907AC /* Release */,
			);
			defaultConfigurationIsVisible = 0;
		};
		FB7FC1921DD06D44003907AC /* Build configuration list for PBXNativeTarget "04_Ficheros_LecturaUITests" */ = {
			isa = XCConfigurationList;
			buildConfigurations = (
				FB7FC1931DD06D44003907AC /* Debug */,
				FB7FC1941DD06D44003907AC /* Release */,
			);
			defaultConfigurationIsVisible = 0;
		};
/* End XCConfigurationList section */
	};
	rootObject = FB7FC1571DD06D44003907AC /* Project object */;
}
